
Microsoft Visual Studio Solution File, Format Version 12.00
# Visual Studio Version 17
VisualStudioVersion = 17.5.002.0
MinimumVisualStudioVersion = 10.0.40219.1
Project("{9A19103F-16F7-4668-BE54-9A1E7A4F7556}") = "Sharply.Server", "Sharply.Server.csproj", "{AAFA9C1E-3E15-4887-92FE-9EF23055B055}"
EndProject
Global
	GlobalSection(SolutionConfigurationPlatforms) = preSolution
		Debug|Any CPU = Debug|Any CPU
		Release|Any CPU = Release|Any CPU
	EndGlobalSection
	GlobalSection(ProjectConfigurationPlatforms) = postSolution
		{AAFA9C1E-3E15-4887-92FE-9EF23055B055}.Debug|Any CPU.ActiveCfg = Debug|Any CPU
		{AAFA9C1E-3E15-4887-92FE-9EF23055B055}.Debug|Any CPU.Build.0 = Debug|Any CPU
		{AAFA9C1E-3E15-4887-92FE-9EF23055B055}.Release|Any CPU.ActiveCfg = Release|Any CPU
		{AAFA9C1E-3E15-4887-92FE-9EF23055B055}.Release|Any CPU.Build.0 = Release|Any CPU
	EndGlobalSection
	GlobalSection(SolutionProperties) = preSolution
		HideSolutionNode = FALSE
	EndGlobalSection
	GlobalSection(ExtensibilityGlobals) = postSolution
		SolutionGuid = {07F00FFC-8A1F-482A-9C9F-FA00E931DCF4}
	EndGlobalSection
EndGlobal
